
Microsoft Visual Studio Solution File, Format Version 12.00
# Visual Studio Version 17
VisualStudioVersion = 17.4.33205.214
MinimumVisualStudioVersion = 10.0.40219.1
Project("{FAE04EC0-301F-11D3-BF4B-00C04F79EFBC}") = "twodimensionindexer", "twodimensionindexer\twodimensionindexer.csproj", "{7847B823-FC2A-46F3-92FD-3E894D0F3DA6}"
EndProject
Global
	GlobalSection(SolutionConfigurationPlatforms) = preSolution
		Debug|Any CPU = Debug|Any CPU
		Release|Any CPU = Release|Any CPU
	EndGlobalSection
	GlobalSection(ProjectConfigurationPlatforms) = postSolution
		{7847B823-FC2A-46F3-92FD-3E894D0F3DA6}.Debug|Any CPU.ActiveCfg = Debug|Any CPU
		{7847B823-FC2A-46F3-92FD-3E894D0F3DA6}.Debug|Any CPU.Build.0 = Debug|Any CPU
		{7847B823-FC2A-46F3-92FD-3E894D0F3DA6}.Release|Any CPU.ActiveCfg = Release|Any CPU
		{7847B823-FC2A-46F3-92FD-3E894D0F3DA6}.Release|Any CPU.Build.0 = Release|Any CPU
	EndGlobalSection
	GlobalSection(SolutionProperties) = preSolution
		HideSolutionNode = FALSE
	EndGlobalSection
	GlobalSection(ExtensibilityGlobals) = postSolution
		SolutionGuid = {F66F7BBE-E429-4233-B9E3-05BA356630E7}
	EndGlobalSection
EndGlobal
